
Microsoft Visual Studio Solution File, Format Version 12.00
# Visual Studio 15
VisualStudioVersion = 15.0.28307.489
MinimumVisualStudioVersion = 10.0.40219.1
Project("{9A19103F-16F7-4668-BE54-9A1E7A4F7556}") = "Api", "Api\Api.csproj", "{A88B2B76-844B-4D3F-8DB9-30C5CE140A85}"
EndProject
Global
	GlobalSection(SolutionConfigurationPlatforms) = preSolution
		Debug|Any CPU = Debug|Any CPU
		Release|Any CPU = Release|Any CPU
	EndGlobalSection
	GlobalSection(ProjectConfigurationPlatforms) = postSolution
		{A88B2B76-844B-4D3F-8DB9-30C5CE140A85}.Debug|Any CPU.ActiveCfg = Debug|Any CPU
		{A88B2B76-844B-4D3F-8DB9-30C5CE140A85}.Debug|Any CPU.Build.0 = Debug|Any CPU
		{A88B2B76-844B-4D3F-8DB9-30C5CE140A85}.Release|Any CPU.ActiveCfg = Release|Any CPU
		{A88B2B76-844B-4D3F-8DB9-30C5CE140A85}.Release|Any CPU.Build.0 = Release|Any CPU
	EndGlobalSection
	GlobalSection(SolutionProperties) = preSolution
		HideSolutionNode = FALSE
	EndGlobalSection
	GlobalSection(ExtensibilityGlobals) = postSolution
		SolutionGuid = {75AA057A-76F5-401F-868A-27CDBBB52D46}
	EndGlobalSection
EndGlobal
